
Microsoft Visual Studio Solution File, Format Version 12.00
# Visual Studio 2013
VisualStudioVersion = 12.0.30723.0
MinimumVisualStudioVersion = 10.0.40219.1
Project("{E24C65DC-7377-472B-9ABA-BC803B73C61A}") = "dollar bill", "http://localhost:56796", "{A72AD6BC-87EB-4A5E-91CA-0BB0FFD1A9A5}"
	ProjectSection(WebsiteProperties) = preProject
		UseIISExpress = "true"
		TargetFrameworkMoniker = ".NETFramework,Version%3Dv4.0"
		Debug.AspNetCompiler.VirtualPath = "/localhost_56796"
		Debug.AspNetCompiler.PhysicalPath = "..\dollar bill\"
		Debug.AspNetCompiler.TargetPath = "PrecompiledWeb\localhost_56796\"
		Debug.AspNetCompiler.Updateable = "true"
		Debug.AspNetCompiler.ForceOverwrite = "true"
		Debug.AspNetCompiler.FixedNames = "false"
		Debug.AspNetCompiler.Debug = "True"
		Release.AspNetCompiler.VirtualPath = "/localhost_56796"
		Release.AspNetCompiler.PhysicalPath = "..\dollar bill\"
		Release.AspNetCompiler.TargetPath = "PrecompiledWeb\localhost_56796\"
		Release.AspNetCompiler.Updateable = "true"
		Release.AspNetCompiler.ForceOverwrite = "true"
		Release.AspNetCompiler.FixedNames = "false"
		Release.AspNetCompiler.Debug = "False"
		SlnRelativePath = "..\dollar bill\"
	EndProjectSection
EndProject
Global
	GlobalSection(SolutionConfigurationPlatforms) = preSolution
		Debug|Any CPU = Debug|Any CPU
	EndGlobalSection
	GlobalSection(ProjectConfigurationPlatforms) = postSolution
		{A72AD6BC-87EB-4A5E-91CA-0BB0FFD1A9A5}.Debug|Any CPU.ActiveCfg = Debug|Any CPU
		{A72AD6BC-87EB-4A5E-91CA-0BB0FFD1A9A5}.Debug|Any CPU.Build.0 = Debug|Any CPU
	EndGlobalSection
	GlobalSection(SolutionProperties) = preSolution
		HideSolutionNode = FALSE
	EndGlobalSection
EndGlobal
